
Microsoft Visual Studio Solution File, Format Version 12.00
# Visual Studio Version 17
VisualStudioVersion = 17.1.32319.34
MinimumVisualStudioVersion = 10.0.40219.1
Project("{FAE04EC0-301F-11D3-BF4B-00C04F79EFBC}") = "RaktarMVC", "RaktarMVC\RaktarMVC.csproj", "{3C32A89C-F72E-413D-BBEA-E99F3B9BBA21}"
EndProject
Global
	GlobalSection(SolutionConfigurationPlatforms) = preSolution
		Debug|Any CPU = Debug|Any CPU
		Release|Any CPU = Release|Any CPU
	EndGlobalSection
	GlobalSection(ProjectConfigurationPlatforms) = postSolution
		{3C32A89C-F72E-413D-BBEA-E99F3B9BBA21}.Debug|Any CPU.ActiveCfg = Debug|Any CPU
		{3C32A89C-F72E-413D-BBEA-E99F3B9BBA21}.Debug|Any CPU.Build.0 = Debug|Any CPU
		{3C32A89C-F72E-413D-BBEA-E99F3B9BBA21}.Release|Any CPU.ActiveCfg = Release|Any CPU
		{3C32A89C-F72E-413D-BBEA-E99F3B9BBA21}.Release|Any CPU.Build.0 = Release|Any CPU
	EndGlobalSection
	GlobalSection(SolutionProperties) = preSolution
		HideSolutionNode = FALSE
	EndGlobalSection
	GlobalSection(ExtensibilityGlobals) = postSolution
		SolutionGuid = {780DC13D-DE69-4A5D-AE02-D7FFE1EE76EC}
	EndGlobalSection
EndGlobal
